
Microsoft Visual Studio Solution File, Format Version 11.00
# Visual Studio 2010
Project("{FAE04EC0-301F-11D3-BF4B-00C04F79EFBC}") = "ParcelMotelChecker", "ParcelMotelChecker\ParcelMotelChecker.csproj", "{52652DA2-E351-454D-B6AC-0C7E21805011}"
EndProject
Project("{2150E333-8FDC-42A3-9474-1A3956D46DE8}") = ".nuget", ".nuget", "{B9331F81-D999-4B39-9AE3-77E1CD4C2076}"
	ProjectSection(SolutionItems) = preProject
		.nuget\NuGet.Config = .nuget\NuGet.Config
		.nuget\NuGet.exe = .nuget\NuGet.exe
		.nuget\NuGet.targets = .nuget\NuGet.targets
	EndProjectSection
EndProject
Global
	GlobalSection(SolutionConfigurationPlatforms) = preSolution
		Debug|x86 = Debug|x86
		Release|x86 = Release|x86
	EndGlobalSection
	GlobalSection(ProjectConfigurationPlatforms) = postSolution
		{52652DA2-E351-454D-B6AC-0C7E21805011}.Debug|x86.ActiveCfg = Debug|x86
		{52652DA2-E351-454D-B6AC-0C7E21805011}.Debug|x86.Build.0 = Debug|x86
		{52652DA2-E351-454D-B6AC-0C7E21805011}.Release|x86.ActiveCfg = Release|x86
		{52652DA2-E351-454D-B6AC-0C7E21805011}.Release|x86.Build.0 = Release|x86
	EndGlobalSection
	GlobalSection(SolutionProperties) = preSolution
		HideSolutionNode = FALSE
	EndGlobalSection
EndGlobal
